// !$*UTF8*$!
{
	archiveVersion = 1;
	classes = {
	};
	objectVersion = 46;
	objects = {

/* Begin PBXBuildFile section */
		164D4B5E1B66A0C5005E5FDC /* KiiSDK.framework in Frameworks */ = {isa = PBXBuildFile; fileRef = 164D4B5D1B66A0C5005E5FDC /* KiiSDK.framework */; };
		164D4B601B66A0D7005E5FDC /* libsqlite3.dylib in Frameworks */ = {isa = PBXBuildFile; fileRef = 164D4B5F1B66A0D7005E5FDC /* libsqlite3.dylib */; };
		164D4B631B66B9F6005E5FDC /* NotificationViewController.m in Sources */ = {isa = PBXBuildFile; fileRef = 164D4B621B66B9F6005E5FDC /* NotificationViewController.m */; };
		16B7A9B01B668AD20067C951 /* main.m in Sources */ = {isa = PBXBuildFile; fileRef = 16B7A9AF1B668AD20067C951 /* main.m */; };
		16B7A9B31B668AD20067C951 /* AppDelegate.m in Sources */ = {isa = PBXBuildFile; fileRef = 16B7A9B21B668AD20067C951 /* AppDelegate.m */; };
		16B7A9B61B668AD20067C951 /* FirstViewController.m in Sources */ = {isa = PBXBuildFile; fileRef = 16B7A9B51B668AD20067C951 /* FirstViewController.m */; };
		16B7A9B91B668AD20067C951 /* SecondViewController.m in Sources */ = {isa = PBXBuildFile; fileRef = 16B7A9B81B668AD20067C951 /* SecondViewController.m */; };
		16B7A9BC1B668AD20067C951 /* Main.storyboard in Resources */ = {isa = PBXBuildFile; fileRef = 16B7A9BA1B668AD20067C951 /* Main.storyboard */; };
		16B7A9BE1B668AD20067C951 /* Images.xcassets in Resources */ = {isa = PBXBuildFile; fileRef = 16B7A9BD1B668AD20067C951 /* Images.xcassets */; };
		16B7A9CD1B668AD20067C951 /* KiiAJDemoTests.m in Sources */ = {isa = PBXBuildFile; fileRef = 16B7A9CC1B668AD20067C951 /* KiiAJDemoTests.m */; };
		16B7A9D71B668C1E0067C951 /* SystemConfiguration.framework in Frameworks */ = {isa = PBXBuildFile; fileRef = 16B7A9D61B668C1E0067C951 /* SystemConfiguration.framework */; };
		16B7A9DB1B668C300067C951 /* libstdc++.6.0.9.dylib in Frameworks */ = {isa = PBXBuildFile; fileRef = 16B7A9D81B668C2F0067C951 /* libstdc++.6.0.9.dylib */; };
		16B7A9DC1B668C300067C951 /* libstdc++.6.dylib in Frameworks */ = {isa = PBXBuildFile; fileRef = 16B7A9D91B668C300067C951 /* libstdc++.6.dylib */; };
		16B7A9DD1B668C300067C951 /* libstdc++.dylib in Frameworks */ = {isa = PBXBuildFile; fileRef = 16B7A9DA1B668C300067C951 /* libstdc++.dylib */; };
		16B7A9DF1B668C380067C951 /* libc++abi.dylib in Frameworks */ = {isa = PBXBuildFile; fileRef = 16B7A9DE1B668C380067C951 /* libc++abi.dylib */; };
		16B7A9E11B668C400067C951 /* libc++.1.dylib in Frameworks */ = {isa = PBXBuildFile; fileRef = 16B7A9E01B668C400067C951 /* libc++.1.dylib */; };
		16B7A9E31B668C470067C951 /* libc++.dylib in Frameworks */ = {isa = PBXBuildFile; fileRef = 16B7A9E21B668C470067C951 /* libc++.dylib */; };
		16B7A9E51B668CE70067C951 /* liballjoyn_services_common_cpp.a in Frameworks */ = {isa = PBXBuildFile; fileRef = 16B7A9E41B668CE70067C951 /* liballjoyn_services_common_cpp.a */; };
		16B7A9E71B668D070067C951 /* liballjoyn_about_cpp.a in Frameworks */ = {isa = PBXBuildFile; fileRef = 16B7A9E61B668D070067C951 /* liballjoyn_about_cpp.a */; };
		16B7A9E91B668D380067C951 /* liballjoyn_services_common_objc.a in Frameworks */ = {isa = PBXBuildFile; fileRef = 16B7A9E81B668D380067C951 /* liballjoyn_services_common_objc.a */; };
		16B7A9EB1B668D4B0067C951 /* liballjoyn_about_objc.a in Frameworks */ = {isa = PBXBuildFile; fileRef = 16B7A9EA1B668D4B0067C951 /* liballjoyn_about_objc.a */; };
		16B7A9ED1B668D5C0067C951 /* libAllJoynFramework_iOS.a in Frameworks */ = {isa = PBXBuildFile; fileRef = 16B7A9EC1B668D5C0067C951 /* libAllJoynFramework_iOS.a */; };
		16B7A9EF1B668D6D0067C951 /* liballjoyn_notification_cpp.a in Frameworks */ = {isa = PBXBuildFile; fileRef = 16B7A9EE1B668D6D0067C951 /* liballjoyn_notification_cpp.a */; };
		16B7A9F11B668D780067C951 /* liballjoyn_notification_objc.a in Frameworks */ = {isa = PBXBuildFile; fileRef = 16B7A9F01B668D780067C951 /* liballjoyn_notification_objc.a */; };
		16B7A9F31B668E730067C951 /* UIKit.framework in Frameworks */ = {isa = PBXBuildFile; fileRef = 16B7A9F21B668E730067C951 /* UIKit.framework */; };
		16B7AA021B668FA40067C951 /* DetailsCell.m in Sources */ = {isa = PBXBuildFile; fileRef = 16B7A9F71B668FA40067C951 /* DetailsCell.m */; };
		16B7AA031B668FA40067C951 /* NotificationEntry.m in Sources */ = {isa = PBXBuildFile; fileRef = 16B7A9F91B668FA40067C951 /* NotificationEntry.m */; };
		16B7AA071B668FA40067C951 /* NotificationUtils.mm in Sources */ = {isa = PBXBuildFile; fileRef = 16B7AA011B668FA40067C951 /* NotificationUtils.mm */; };
/* End PBXBuildFile section */

/* Begin PBXContainerItemProxy section */
		16B7A9C71B668AD20067C951 /* PBXContainerItemProxy */ = {
			isa = PBXContainerItemProxy;
			containerPortal = 16B7A9A21B668AD20067C951 /* Project object */;
			proxyType = 1;
			remoteGlobalIDString = 16B7A9A91B668AD20067C951;
			remoteInfo = KiiAJDemo;
		};
/* End PBXContainerItemProxy section */

/* Begin PBXFileReference section */
		164D4B571B669290005E5FDC /* libcrypto.a */ = {isa = PBXFileReference; lastKnownFileType = archive.ar; name = libcrypto.a; path = ../../Frameworks/openssl/build/libcrypto.a; sourceTree = "<group>"; };
		164D4B581B669290005E5FDC /* libssl.a */ = {isa = PBXFileReference; lastKnownFileType = archive.ar; name = libssl.a; path = ../../Frameworks/openssl/build/libssl.a; sourceTree = "<group>"; };
		164D4B5B1B6692C5005E5FDC /* BundledRouter.o */ = {isa = PBXFileReference; lastKnownFileType = "compiled.mach-o.objfile"; name = BundledRouter.o; path = "../../Frameworks/alljoyn-ios/core/alljoyn/build/darwin/arm/iphoneos/debug/dist/cpp/lib/BundledRouter.o"; sourceTree = "<group>"; };
		164D4B5D1B66A0C5005E5FDC /* KiiSDK.framework */ = {isa = PBXFileReference; lastKnownFileType = wrapper.framework; path = KiiSDK.framework; sourceTree = "<group>"; };
		164D4B5F1B66A0D7005E5FDC /* libsqlite3.dylib */ = {isa = PBXFileReference; lastKnownFileType = "compiled.mach-o.dylib"; name = libsqlite3.dylib; path = usr/lib/libsqlite3.dylib; sourceTree = SDKROOT; };
		164D4B611B66B9F6005E5FDC /* NotificationViewController.h */ = {isa = PBXFileReference; fileEncoding = 4; lastKnownFileType = sourcecode.c.h; path = NotificationViewController.h; sourceTree = "<group>"; };
		164D4B621B66B9F6005E5FDC /* NotificationViewController.m */ = {isa = PBXFileReference; fileEncoding = 4; lastKnownFileType = sourcecode.c.objc; path = NotificationViewController.m; sourceTree = "<group>"; };
		16B7A9AA1B668AD20067C951 /* KiiAJDemo.app */ = {isa = PBXFileReference; explicitFileType = wrapper.application; includeInIndex = 0; path = KiiAJDemo.app; sourceTree = BUILT_PRODUCTS_DIR; };
		16B7A9AE1B668AD20067C951 /* Info.plist */ = {isa = PBXFileReference; lastKnownFileType = text.plist.xml; path = Info.plist; sourceTree = "<group>"; };
		16B7A9AF1B668AD20067C951 /* main.m */ = {isa = PBXFileReference; lastKnownFileType = sourcecode.c.objc; path = main.m; sourceTree = "<group>"; };
		16B7A9B11B668AD20067C951 /* AppDelegate.h */ = {isa = PBXFileReference; lastKnownFileType = sourcecode.c.h; path = AppDelegate.h; sourceTree = "<group>"; };
		16B7A9B21B668AD20067C951 /* AppDelegate.m */ = {isa = PBXFileReference; lastKnownFileType = sourcecode.c.objc; path = AppDelegate.m; sourceTree = "<group>"; };
		16B7A9B41B668AD20067C951 /* FirstViewController.h */ = {isa = PBXFileReference; lastKnownFileType = sourcecode.c.h; path = FirstViewController.h; sourceTree = "<group>"; };
		16B7A9B51B668AD20067C951 /* FirstViewController.m */ = {isa = PBXFileReference; lastKnownFileType = sourcecode.c.objc; path = FirstViewController.m; sourceTree = "<group>"; };
		16B7A9B71B668AD20067C951 /* SecondViewController.h */ = {isa = PBXFileReference; lastKnownFileType = sourcecode.c.h; path = SecondViewController.h; sourceTree = "<group>"; };
		16B7A9B81B668AD20067C951 /* SecondViewController.m */ = {isa = PBXFileReference; lastKnownFileType = sourcecode.c.objc; path = SecondViewController.m; sourceTree = "<group>"; };
		16B7A9BB1B668AD20067C951 /* Base */ = {isa = PBXFileReference; lastKnownFileType = file.storyboard; name = Base; path = Base.lproj/Main.storyboard; sourceTree = "<group>"; };
		16B7A9BD1B668AD20067C951 /* Images.xcassets */ = {isa = PBXFileReference; lastKnownFileType = folder.assetcatalog; path = Images.xcassets; sourceTree = "<group>"; };
		16B7A9C61B668AD20067C951 /* KiiAJDemoTests.xctest */ = {isa = PBXFileReference; explicitFileType = wrapper.cfbundle; includeInIndex = 0; path = KiiAJDemoTests.xctest; sourceTree = BUILT_PRODUCTS_DIR; };
		16B7A9CB1B668AD20067C951 /* Info.plist */ = {isa = PBXFileReference; lastKnownFileType = text.plist.xml; path = Info.plist; sourceTree = "<group>"; };
		16B7A9CC1B668AD20067C951 /* KiiAJDemoTests.m */ = {isa = PBXFileReference; lastKnownFileType = sourcecode.c.objc; path = KiiAJDemoTests.m; sourceTree = "<group>"; };
		16B7A9D61B668C1E0067C951 /* SystemConfiguration.framework */ = {isa = PBXFileReference; lastKnownFileType = wrapper.framework; name = SystemConfiguration.framework; path = System/Library/Frameworks/SystemConfiguration.framework; sourceTree = SDKROOT; };
		16B7A9D81B668C2F0067C951 /* libstdc++.6.0.9.dylib */ = {isa = PBXFileReference; lastKnownFileType = "compiled.mach-o.dylib"; name = "libstdc++.6.0.9.dylib"; path = "usr/lib/libstdc++.6.0.9.dylib"; sourceTree = SDKROOT; };
		16B7A9D91B668C300067C951 /* libstdc++.6.dylib */ = {isa = PBXFileReference; lastKnownFileType = "compiled.mach-o.dylib"; name = "libstdc++.6.dylib"; path = "usr/lib/libstdc++.6.dylib"; sourceTree = SDKROOT; };
		16B7A9DA1B668C300067C951 /* libstdc++.dylib */ = {isa = PBXFileReference; lastKnownFileType = "compiled.mach-o.dylib"; name = "libstdc++.dylib"; path = "usr/lib/libstdc++.dylib"; sourceTree = SDKROOT; };
		16B7A9DE1B668C380067C951 /* libc++abi.dylib */ = {isa = PBXFileReference; lastKnownFileType = "compiled.mach-o.dylib"; name = "libc++abi.dylib"; path = "usr/lib/libc++abi.dylib"; sourceTree = SDKROOT; };
		16B7A9E01B668C400067C951 /* libc++.1.dylib */ = {isa = PBXFileReference; lastKnownFileType = "compiled.mach-o.dylib"; name = "libc++.1.dylib"; path = "usr/lib/libc++.1.dylib"; sourceTree = SDKROOT; };
		16B7A9E21B668C470067C951 /* libc++.dylib */ = {isa = PBXFileReference; lastKnownFileType = "compiled.mach-o.dylib"; name = "libc++.dylib"; path = "usr/lib/libc++.dylib"; sourceTree = SDKROOT; };
		16B7A9E41B668CE70067C951 /* liballjoyn_services_common_cpp.a */ = {isa = PBXFileReference; lastKnownFileType = archive.ar; name = liballjoyn_services_common_cpp.a; path = "../../Frameworks/alljoyn-ios/services/alljoyn-notification-14.12.00-rel/cpp/lib/liballjoyn_services_common_cpp.a"; sourceTree = "<group>"; };
		16B7A9E61B668D070067C951 /* liballjoyn_about_cpp.a */ = {isa = PBXFileReference; lastKnownFileType = archive.ar; name = liballjoyn_about_cpp.a; path = "../../Frameworks/alljoyn-ios/core/alljoyn/build/darwin/arm/iphoneos/debug/dist/about/lib/liballjoyn_about_cpp.a"; sourceTree = "<group>"; };
		16B7A9E81B668D380067C951 /* liballjoyn_services_common_objc.a */ = {isa = PBXFileReference; lastKnownFileType = archive.ar; name = liballjoyn_services_common_objc.a; path = "../../Frameworks/alljoyn-ios/services/alljoyn-notification-14.12.00-rel/objc/lib/liballjoyn_services_common_objc.a"; sourceTree = "<group>"; };
		16B7A9EA1B668D4B0067C951 /* liballjoyn_about_objc.a */ = {isa = PBXFileReference; lastKnownFileType = archive.ar; name = liballjoyn_about_objc.a; path = "../../Frameworks/alljoyn-ios/core/alljoyn/build/darwin/arm/iphoneos/debug/dist/about/lib/liballjoyn_about_objc.a"; sourceTree = "<group>"; };
		16B7A9EC1B668D5C0067C951 /* libAllJoynFramework_iOS.a */ = {isa = PBXFileReference; lastKnownFileType = archive.ar; name = libAllJoynFramework_iOS.a; path = "../../Frameworks/alljoyn-ios/core/alljoyn/build/darwin/arm/iphoneos/debug/dist/about/lib/libAllJoynFramework_iOS.a"; sourceTree = "<group>"; };
		16B7A9EE1B668D6D0067C951 /* liballjoyn_notification_cpp.a */ = {isa = PBXFileReference; lastKnownFileType = archive.ar; name = liballjoyn_notification_cpp.a; path = "../../Frameworks/alljoyn-ios/services/alljoyn-notification-14.12.00-rel/cpp/lib/liballjoyn_notification_cpp.a"; sourceTree = "<group>"; };
		16B7A9F01B668D780067C951 /* liballjoyn_notification_objc.a */ = {isa = PBXFileReference; lastKnownFileType = archive.ar; name = liballjoyn_notification_objc.a; path = "../../Frameworks/alljoyn-ios/services/alljoyn-notification-14.12.00-rel/objc/lib/liballjoyn_notification_objc.a"; sourceTree = "<group>"; };
		16B7A9F21B668E730067C951 /* UIKit.framework */ = {isa = PBXFileReference; lastKnownFileType = wrapper.framework; name = UIKit.framework; path = System/Library/Frameworks/UIKit.framework; sourceTree = SDKROOT; };
		16B7A9F61B668FA40067C951 /* DetailsCell.h */ = {isa = PBXFileReference; fileEncoding = 4; lastKnownFileType = sourcecode.c.h; path = DetailsCell.h; sourceTree = "<group>"; };
		16B7A9F71B668FA40067C951 /* DetailsCell.m */ = {isa = PBXFileReference; fileEncoding = 4; lastKnownFileType = sourcecode.c.objc; path = DetailsCell.m; sourceTree = "<group>"; };
		16B7A9F81B668FA40067C951 /* NotificationEntry.h */ = {isa = PBXFileReference; fileEncoding = 4; lastKnownFileType = sourcecode.c.h; path = NotificationEntry.h; sourceTree = "<group>"; };
		16B7A9F91B668FA40067C951 /* NotificationEntry.m */ = {isa = PBXFileReference; fileEncoding = 4; lastKnownFileType = sourcecode.c.objc; path = NotificationEntry.m; sourceTree = "<group>"; };
		16B7AA001B668FA40067C951 /* NotificationUtils.h */ = {isa = PBXFileReference; fileEncoding = 4; lastKnownFileType = sourcecode.c.h; path = NotificationUtils.h; sourceTree = "<group>"; };
		16B7AA011B668FA40067C951 /* NotificationUtils.mm */ = {isa = PBXFileReference; fileEncoding = 4; lastKnownFileType = sourcecode.cpp.objcpp; path = NotificationUtils.mm; sourceTree = "<group>"; };
/* End PBXFileReference section */

/* Begin PBXFrameworksBuildPhase section */
		16B7A9A71B668AD20067C951 /* Frameworks */ = {
			isa = PBXFrameworksBuildPhase;
			buildActionMask = 2147483647;
			files = (
				164D4B601B66A0D7005E5FDC /* libsqlite3.dylib in Frameworks */,
				16B7A9F31B668E730067C951 /* UIKit.framework in Frameworks */,
				16B7A9E31B668C470067C951 /* libc++.dylib in Frameworks */,
				16B7A9E11B668C400067C951 /* libc++.1.dylib in Frameworks */,
				16B7A9DF1B668C380067C951 /* libc++abi.dylib in Frameworks */,
				16B7A9DB1B668C300067C951 /* libstdc++.6.0.9.dylib in Frameworks */,
				16B7A9DC1B668C300067C951 /* libstdc++.6.dylib in Frameworks */,
				16B7A9DD1B668C300067C951 /* libstdc++.dylib in Frameworks */,
				16B7A9E51B668CE70067C951 /* liballjoyn_services_common_cpp.a in Frameworks */,
				16B7A9E71B668D070067C951 /* liballjoyn_about_cpp.a in Frameworks */,
				16B7A9E91B668D380067C951 /* liballjoyn_services_common_objc.a in Frameworks */,
				16B7A9ED1B668D5C0067C951 /* libAllJoynFramework_iOS.a in Frameworks */,
				164D4B5E1B66A0C5005E5FDC /* KiiSDK.framework in Frameworks */,
				16B7A9EB1B668D4B0067C951 /* liballjoyn_about_objc.a in Frameworks */,
				16B7A9EF1B668D6D0067C951 /* liballjoyn_notification_cpp.a in Frameworks */,
				16B7A9F11B668D780067C951 /* liballjoyn_notification_objc.a in Frameworks */,
				16B7A9D71B668C1E0067C951 /* SystemConfiguration.framework in Frameworks */,
			);
			runOnlyForDeploymentPostprocessing = 0;
		};
		16B7A9C31B668AD20067C951 /* Frameworks */ = {
			isa = PBXFrameworksBuildPhase;
			buildActionMask = 2147483647;
			files = (
			);
			runOnlyForDeploymentPostprocessing = 0;
		};
/* End PBXFrameworksBuildPhase section */

/* Begin PBXGroup section */
		16B7A9A11B668AD20067C951 = {
			isa = PBXGroup;
			children = (
				16B7A9AC1B668AD20067C951 /* KiiAJDemo */,
				16B7A9C91B668AD20067C951 /* KiiAJDemoTests */,
				16B7A9F41B668F1D0067C951 /* Frameworks */,
				16B7A9AB1B668AD20067C951 /* Products */,
			);
			sourceTree = "<group>";
		};
		16B7A9AB1B668AD20067C951 /* Products */ = {
			isa = PBXGroup;
			children = (
				16B7A9AA1B668AD20067C951 /* KiiAJDemo.app */,
				16B7A9C61B668AD20067C951 /* KiiAJDemoTests.xctest */,
			);
			name = Products;
			sourceTree = "<group>";
		};
		16B7A9AC1B668AD20067C951 /* KiiAJDemo */ = {
			isa = PBXGroup;
			children = (
				16B7A9F51B668F9A0067C951 /* Notification */,
				16B7A9B11B668AD20067C951 /* AppDelegate.h */,
				16B7A9B21B668AD20067C951 /* AppDelegate.m */,
				16B7A9B41B668AD20067C951 /* FirstViewController.h */,
				16B7A9B51B668AD20067C951 /* FirstViewController.m */,
				16B7A9B71B668AD20067C951 /* SecondViewController.h */,
				16B7A9B81B668AD20067C951 /* SecondViewController.m */,
				16B7A9BA1B668AD20067C951 /* Main.storyboard */,
				16B7A9BD1B668AD20067C951 /* Images.xcassets */,
				16B7A9AD1B668AD20067C951 /* Supporting Files */,
			);
			path = KiiAJDemo;
			sourceTree = "<group>";
		};
		16B7A9AD1B668AD20067C951 /* Supporting Files */ = {
			isa = PBXGroup;
			children = (
				16B7A9AE1B668AD20067C951 /* Info.plist */,
				16B7A9AF1B668AD20067C951 /* main.m */,
			);
			name = "Supporting Files";
			sourceTree = "<group>";
		};
		16B7A9C91B668AD20067C951 /* KiiAJDemoTests */ = {
			isa = PBXGroup;
			children = (
				16B7A9CC1B668AD20067C951 /* KiiAJDemoTests.m */,
				16B7A9CA1B668AD20067C951 /* Supporting Files */,
			);
			path = KiiAJDemoTests;
			sourceTree = "<group>";
		};
		16B7A9CA1B668AD20067C951 /* Supporting Files */ = {
			isa = PBXGroup;
			children = (
				16B7A9CB1B668AD20067C951 /* Info.plist */,
			);
			name = "Supporting Files";
			sourceTree = "<group>";
		};
		16B7A9F41B668F1D0067C951 /* Frameworks */ = {
			isa = PBXGroup;
			children = (
				164D4B5F1B66A0D7005E5FDC /* libsqlite3.dylib */,
				164D4B5D1B66A0C5005E5FDC /* KiiSDK.framework */,
				164D4B5B1B6692C5005E5FDC /* BundledRouter.o */,
				164D4B571B669290005E5FDC /* libcrypto.a */,
				164D4B581B669290005E5FDC /* libssl.a */,
				16B7A9F21B668E730067C951 /* UIKit.framework */,
				16B7A9F01B668D780067C951 /* liballjoyn_notification_objc.a */,
				16B7A9EE1B668D6D0067C951 /* liballjoyn_notification_cpp.a */,
				16B7A9EC1B668D5C0067C951 /* libAllJoynFramework_iOS.a */,
				16B7A9EA1B668D4B0067C951 /* liballjoyn_about_objc.a */,
				16B7A9E81B668D380067C951 /* liballjoyn_services_common_objc.a */,
				16B7A9E61B668D070067C951 /* liballjoyn_about_cpp.a */,
				16B7A9E41B668CE70067C951 /* liballjoyn_services_common_cpp.a */,
				16B7A9E21B668C470067C951 /* libc++.dylib */,
				16B7A9E01B668C400067C951 /* libc++.1.dylib */,
				16B7A9DE1B668C380067C951 /* libc++abi.dylib */,
				16B7A9D81B668C2F0067C951 /* libstdc++.6.0.9.dylib */,
				16B7A9D91B668C300067C951 /* libstdc++.6.dylib */,
				16B7A9DA1B668C300067C951 /* libstdc++.dylib */,
				16B7A9D61B668C1E0067C951 /* SystemConfiguration.framework */,
			);
			name = Frameworks;
			sourceTree = "<group>";
		};
		16B7A9F51B668F9A0067C951 /* Notification */ = {
			isa = PBXGroup;
			children = (
				16B7A9F61B668FA40067C951 /* DetailsCell.h */,
				16B7A9F71B668FA40067C951 /* DetailsCell.m */,
				16B7A9F81B668FA40067C951 /* NotificationEntry.h */,
				16B7A9F91B668FA40067C951 /* NotificationEntry.m */,
				16B7AA001B668FA40067C951 /* NotificationUtils.h */,
				16B7AA011B668FA40067C951 /* NotificationUtils.mm */,
				164D4B611B66B9F6005E5FDC /* NotificationViewController.h */,
				164D4B621B66B9F6005E5FDC /* NotificationViewController.m */,
			);
			name = Notification;
			sourceTree = "<group>";
		};
/* End PBXGroup section */

/* Begin PBXNativeTarget section */
		16B7A9A91B668AD20067C951 /* KiiAJDemo */ = {
			isa = PBXNativeTarget;
			buildConfigurationList = 16B7A9D01B668AD20067C951 /* Build configuration list for PBXNativeTarget "KiiAJDemo" */;
			buildPhases = (
				16B7A9A61B668AD20067C951 /* Sources */,
				16B7A9A71B668AD20067C951 /* Frameworks */,
				16B7A9A81B668AD20067C951 /* Resources */,
			);
			buildRules = (
			);
			dependencies = (
			);
			name = KiiAJDemo;
			productName = KiiAJDemo;
			productReference = 16B7A9AA1B668AD20067C951 /* KiiAJDemo.app */;
			productType = "com.apple.product-type.application";
		};
		16B7A9C51B668AD20067C951 /* KiiAJDemoTests */ = {
			isa = PBXNativeTarget;
			buildConfigurationList = 16B7A9D31B668AD20067C951 /* Build configuration list for PBXNativeTarget "KiiAJDemoTests" */;
			buildPhases = (
				16B7A9C21B668AD20067C951 /* Sources */,
				16B7A9C31B668AD20067C951 /* Frameworks */,
				16B7A9C41B668AD20067C951 /* Resources */,
			);
			buildRules = (
			);
			dependencies = (
				16B7A9C81B668AD20067C951 /* PBXTargetDependency */,
			);
			name = KiiAJDemoTests;
			productName = KiiAJDemoTests;
			productReference = 16B7A9C61B668AD20067C951 /* KiiAJDemoTests.xctest */;
			productType = "com.apple.product-type.bundle.unit-test";
		};
/* End PBXNativeTarget section */

/* Begin PBXProject section */
		16B7A9A21B668AD20067C951 /* Project object */ = {
			isa = PBXProject;
			attributes = {
				LastUpgradeCheck = 0640;
				ORGANIZATIONNAME = Kii;
				TargetAttributes = {
					16B7A9A91B668AD20067C951 = {
						CreatedOnToolsVersion = 6.4;
					};
					16B7A9C51B668AD20067C951 = {
						CreatedOnToolsVersion = 6.4;
						TestTargetID = 16B7A9A91B668AD20067C951;
					};
				};
			};
			buildConfigurationList = 16B7A9A51B668AD20067C951 /* Build configuration list for PBXProject "KiiAJDemo" */;
			compatibilityVersion = "Xcode 3.2";
			developmentRegion = English;
			hasScannedForEncodings = 0;
			knownRegions = (
				en,
				Base,
			);
			mainGroup = 16B7A9A11B668AD20067C951;
			productRefGroup = 16B7A9AB1B668AD20067C951 /* Products */;
			projectDirPath = "";
			projectRoot = "";
			targets = (
				16B7A9A91B668AD20067C951 /* KiiAJDemo */,
				16B7A9C51B668AD20067C951 /* KiiAJDemoTests */,
			);
		};
/* End PBXProject section */

/* Begin PBXResourcesBuildPhase section */
		16B7A9A81B668AD20067C951 /* Resources */ = {
			isa = PBXResourcesBuildPhase;
			buildActionMask = 2147483647;
			files = (
				16B7A9BC1B668AD20067C951 /* Main.storyboard in Resources */,
				16B7A9BE1B668AD20067C951 /* Images.xcassets in Resources */,
			);
			runOnlyForDeploymentPostprocessing = 0;
		};
		16B7A9C41B668AD20067C951 /* Resources */ = {
			isa = PBXResourcesBuildPhase;
			buildActionMask = 2147483647;
			files = (
			);
			runOnlyForDeploymentPostprocessing = 0;
		};
/* End PBXResourcesBuildPhase section */

/* Begin PBXSourcesBuildPhase section */
		16B7A9A61B668AD20067C951 /* Sources */ = {
			isa = PBXSourcesBuildPhase;
			buildActionMask = 2147483647;
			files = (
				16B7A9B91B668AD20067C951 /* SecondViewController.m in Sources */,
				16B7A9B31B668AD20067C951 /* AppDelegate.m in Sources */,
				16B7AA071B668FA40067C951 /* NotificationUtils.mm in Sources */,
				16B7A9B61B668AD20067C951 /* FirstViewController.m in Sources */,
				164D4B631B66B9F6005E5FDC /* NotificationViewController.m in Sources */,
				16B7AA031B668FA40067C951 /* NotificationEntry.m in Sources */,
				16B7A9B01B668AD20067C951 /* main.m in Sources */,
				16B7AA021B668FA40067C951 /* DetailsCell.m in Sources */,
			);
			runOnlyForDeploymentPostprocessing = 0;
		};
		16B7A9C21B668AD20067C951 /* Sources */ = {
			isa = PBXSourcesBuildPhase;
			buildActionMask = 2147483647;
			files = (
				16B7A9CD1B668AD20067C951 /* KiiAJDemoTests.m in Sources */,
			);
			runOnlyForDeploymentPostprocessing = 0;
		};
/* End PBXSourcesBuildPhase section */

/* Begin PBXTargetDependency section */
		16B7A9C81B668AD20067C951 /* PBXTargetDependency */ = {
			isa = PBXTargetDependency;
			target = 16B7A9A91B668AD20067C951 /* KiiAJDemo */;
			targetProxy = 16B7A9C71B668AD20067C951 /* PBXContainerItemProxy */;
		};
/* End PBXTargetDependency section */

/* Begin PBXVariantGroup section */
		16B7A9BA1B668AD20067C951 /* Main.storyboard */ = {
			isa = PBXVariantGroup;
			children = (
				16B7A9BB1B668AD20067C951 /* Base */,
			);
			name = Main.storyboard;
			sourceTree = "<group>";
		};
/* End PBXVariantGroup section */

/* Begin XCBuildConfiguration section */
		16B7A9CE1B668AD20067C951 /* Debug */ = {
			isa = XCBuildConfiguration;
			buildSettings = {
				ALWAYS_SEARCH_USER_PATHS = NO;
				CLANG_CXX_LANGUAGE_STANDARD = "gnu++0x";
				CLANG_CXX_LIBRARY = "libc++";
				CLANG_ENABLE_MODULES = YES;
				CLANG_ENABLE_OBJC_ARC = YES;
				CLANG_WARN_BOOL_CONVERSION = YES;
				CLANG_WARN_CONSTANT_CONVERSION = YES;
				CLANG_WARN_DIRECT_OBJC_ISA_USAGE = YES_ERROR;
				CLANG_WARN_EMPTY_BODY = YES;
				CLANG_WARN_ENUM_CONVERSION = YES;
				CLANG_WARN_INT_CONVERSION = YES;
				CLANG_WARN_OBJC_ROOT_CLASS = YES_ERROR;
				CLANG_WARN_UNREACHABLE_CODE = YES;
				CLANG_WARN__DUPLICATE_METHOD_MATCH = YES;
				"CODE_SIGN_IDENTITY[sdk=iphoneos*]" = "iPhone Developer";
				COPY_PHASE_STRIP = NO;
				DEBUG_INFORMATION_FORMAT = "dwarf-with-dsym";
				ENABLE_STRICT_OBJC_MSGSEND = YES;
				GCC_C_LANGUAGE_STANDARD = gnu99;
				GCC_DYNAMIC_NO_PIC = NO;
				GCC_NO_COMMON_BLOCKS = YES;
				GCC_OPTIMIZATION_LEVEL = 0;
				GCC_PREPROCESSOR_DEFINITIONS = (
					"DEBUG=1",
					"$(inherited)",
				);
				GCC_SYMBOLS_PRIVATE_EXTERN = NO;
				GCC_WARN_64_TO_32_BIT_CONVERSION = YES;
				GCC_WARN_ABOUT_RETURN_TYPE = YES_ERROR;
				GCC_WARN_UNDECLARED_SELECTOR = YES;
				GCC_WARN_UNINITIALIZED_AUTOS = YES_AGGRESSIVE;
				GCC_WARN_UNUSED_FUNCTION = YES;
				GCC_WARN_UNUSED_VARIABLE = YES;
				IPHONEOS_DEPLOYMENT_TARGET = 8.4;
				MTL_ENABLE_DEBUG_INFO = YES;
				ONLY_ACTIVE_ARCH = YES;
				SDKROOT = iphoneos;
				TARGETED_DEVICE_FAMILY = 2;
			};
			name = Debug;
		};
		16B7A9CF1B668AD20067C951 /* Release */ = {
			isa = XCBuildConfiguration;
			buildSettings = {
				ALWAYS_SEARCH_USER_PATHS = NO;
				CLANG_CXX_LANGUAGE_STANDARD = "gnu++0x";
				CLANG_CXX_LIBRARY = "libc++";
				CLANG_ENABLE_MODULES = YES;
				CLANG_ENABLE_OBJC_ARC = YES;
				CLANG_WARN_BOOL_CONVERSION = YES;
				CLANG_WARN_CONSTANT_CONVERSION = YES;
				CLANG_WARN_DIRECT_OBJC_ISA_USAGE = YES_ERROR;
				CLANG_WARN_EMPTY_BODY = YES;
				CLANG_WARN_ENUM_CONVERSION = YES;
				CLANG_WARN_INT_CONVERSION = YES;
				CLANG_WARN_OBJC_ROOT_CLASS = YES_ERROR;
				CLANG_WARN_UNREACHABLE_CODE = YES;
				CLANG_WARN__DUPLICATE_METHOD_MATCH = YES;
				"CODE_SIGN_IDENTITY[sdk=iphoneos*]" = "iPhone Developer";
				COPY_PHASE_STRIP = NO;
				DEBUG_INFORMATION_FORMAT = "dwarf-with-dsym";
				ENABLE_NS_ASSERTIONS = NO;
				ENABLE_STRICT_OBJC_MSGSEND = YES;
				GCC_C_LANGUAGE_STANDARD = gnu99;
				GCC_NO_COMMON_BLOCKS = YES;
				GCC_WARN_64_TO_32_BIT_CONVERSION = YES;
				GCC_WARN_ABOUT_RETURN_TYPE = YES_ERROR;
				GCC_WARN_UNDECLARED_SELECTOR = YES;
				GCC_WARN_UNINITIALIZED_AUTOS = YES_AGGRESSIVE;
				GCC_WARN_UNUSED_FUNCTION = YES;
				GCC_WARN_UNUSED_VARIABLE = YES;
				IPHONEOS_DEPLOYMENT_TARGET = 8.4;
				MTL_ENABLE_DEBUG_INFO = NO;
				SDKROOT = iphoneos;
				TARGETED_DEVICE_FAMILY = 2;
				VALIDATE_PRODUCT = YES;
			};
			name = Release;
		};
		16B7A9D11B668AD20067C951 /* Debug */ = {
			isa = XCBuildConfiguration;
			buildSettings = {
				ASSETCATALOG_COMPILER_APPICON_NAME = AppIcon;
				CLANG_CXX_LANGUAGE_STANDARD = "compiler-default";
				FRAMEWORK_SEARCH_PATHS = (
					"$(inherited)",
					"$(PROJECT_DIR)",
				);
				GCC_C_LANGUAGE_STANDARD = "compiler-default";
				GCC_ENABLE_CPP_EXCEPTIONS = NO;
				GCC_ENABLE_CPP_RTTI = NO;
				GCC_INPUT_FILETYPE = sourcecode.cpp.objcpp;
				HEADER_SEARCH_PATHS = (
					"$(inherited)",
					/Applications/Xcode.app/Contents/Developer/Toolchains/XcodeDefault.xctoolchain/usr/include,
					"/Users/chrisbeauchamp/Code/Frameworks/alljoyn-ios/core/alljoyn/build/darwin/arm/$(PLATFORM_NAME)/$(CONFIGURATION)/dist/cpp/inc",
					"/Users/chrisbeauchamp/Code/Frameworks/alljoyn-ios/core/alljoyn/build/darwin/arm/$(PLATFORM_NAME)/$(CONFIGURATION)/dist/about/inc",
					"/Users/chrisbeauchamp/Code/Frameworks/alljoyn-ios/core/alljoyn/alljoyn_objc/AllJoynFramework/AllJoynFramework/",
					"/Users/chrisbeauchamp/Code/Frameworks/alljoyn-ios/services/alljoyn-notification-14.12.00-rel/objc/inc",
					"/Users/chrisbeauchamp/Code/Frameworks/alljoyn-ios/services/alljoyn-notification-14.12.00-rel/cpp/inc",
					"/Users/chrisbeauchamp/Code/Frameworks/alljoyn-ios/services/alljoyn-notification-14.12.00-rel/objc/inc/alljoyn",
				);
				INFOPLIST_FILE = KiiAJDemo/Info.plist;
				LD_RUNPATH_SEARCH_PATHS = "$(inherited) @executable_path/Frameworks";
				LIBRARY_SEARCH_PATHS = (
					"$(inherited)",
					"/Users/chrisbeauchamp/Code/Frameworks/alljoyn-ios/services/alljoyn-notification-14.12.00-rel/cpp/lib",
					"/Users/chrisbeauchamp/Code/Frameworks/alljoyn-ios/core/alljoyn/build/darwin/arm/$(PLATFORM_NAME)/$(CONFIGURATION)/dist/cpp/lib",
					"/Users/chrisbeauchamp/Code/Frameworks/alljoyn-ios/core/alljoyn/build/darwin/arm/$(PLATFORM_NAME)/$(CONFIGURATION)/dist/about/lib",
					/Users/chrisbeauchamp/Code/Frameworks/openssl/build,
					"/Users/chrisbeauchamp/Code/Frameworks/alljoyn-ios/services/alljoyn-notification-14.12.00-rel/objc/lib",
					"/Users/chrisbeauchamp/Code/Frameworks/alljoyn-ios/services/alljoyn-notification-14.12.00-rel/cpp/lib",
					"/Users/chrisbeauchamp/Code/Frameworks/alljoyn-ios/services/alljoyn-controlpanel-14.12.00-rel/objc/lib",
					"/Users/chrisbeauchamp/Code/Frameworks/alljoyn-ios/services/alljoyn-controlpanel-14.12.00-rel/cpp/lib",
				);
				ONLY_ACTIVE_ARCH = NO;
				OTHER_CFLAGS = (
					"-DQCC_OS_GROUP_POSIX",
					"-DQCC_OS_DARWIN",
				);
				OTHER_LDFLAGS = (
					"-lcrypto",
					"-lssl",
					"-lBundledRouter.o",
					"-lajrouter",
					"-lalljoyn",
					"-lalljoyn_controlpanel_objc",
					"-lalljoyn_controlpanel_cpp",
				);
				PRODUCT_NAME = "$(TARGET_NAME)";
				PROVISIONING_PROFILE = "bcb5f037-e37b-4b4f-b504-3d1c56faaf65";
				VALID_ARCHS = "armv7 i386";
			};
			name = Debug;
		};
		16B7A9D21B668AD20067C951 /* Release */ = {
			isa = XCBuildConfiguration;
			buildSettings = {
				ASSETCATALOG_COMPILER_APPICON_NAME = AppIcon;
				CLANG_CXX_LANGUAGE_STANDARD = "compiler-default";
				FRAMEWORK_SEARCH_PATHS = (
					"$(inherited)",
					"$(PROJECT_DIR)",
				);
				GCC_C_LANGUAGE_STANDARD = "compiler-default";
				GCC_ENABLE_CPP_EXCEPTIONS = NO;
				GCC_ENABLE_CPP_RTTI = NO;
				GCC_INPUT_FILETYPE = sourcecode.cpp.objcpp;
				HEADER_SEARCH_PATHS = (
					"$(inherited)",
					/Applications/Xcode.app/Contents/Developer/Toolchains/XcodeDefault.xctoolchain/usr/include,
					"/Users/chrisbeauchamp/Code/Frameworks/alljoyn-ios/core/alljoyn/build/darwin/arm/$(PLATFORM_NAME)/$(CONFIGURATION)/dist/cpp/inc",
					"/Users/chrisbeauchamp/Code/Frameworks/alljoyn-ios/core/alljoyn/alljoyn_objc/AllJoynFramework/AllJoynFramework/",
				);
				INFOPLIST_FILE = KiiAJDemo/Info.plist;
				LD_RUNPATH_SEARCH_PATHS = "$(inherited) @executable_path/Frameworks";
				LIBRARY_SEARCH_PATHS = (
					"$(inherited)",
					"/Users/chrisbeauchamp/Code/Frameworks/alljoyn-ios/services/alljoyn-notification-14.12.00-rel/cpp/lib",
					"/Users/chrisbeauchamp/Code/Frameworks/alljoyn-ios/core/alljoyn/build/darwin/arm/iphoneos/debug/dist/about/lib",
					"/Users/chrisbeauchamp/Code/Frameworks/alljoyn-ios/core/alljoyn/build/darwin/arm/iphoneos/debug/dist/cpp/lib\" /Users/chrisbeauchamp/Code/Frameworks/alljoyn-ios/services/alljoyn-notification-14.12.00-rel/objc/lib \"$(SRCROOT)/../../Frameworks/openssl/build\" /Users/chrisbeauchamp/Code/Frameworks/openssl/build \"$(SRCROOT)/../../Frameworks/openssl/build\" \"$(SRCROOT)/../../Frameworks/openssl/build\" /Users/chrisbeauchamp/Code/Frameworks/openssl/build",
				);
				OTHER_CFLAGS = (
					"-DQCC_OS_GROUP_POSIX",
					"-DQCC_OS_DARWIN",
					"-DNS_BLOCK_ASSERTIONS=1",
				);
				OTHER_LDFLAGS = (
					"-lcrypto",
					"-lssl",
					"-lBundledRouter.o",
					"-lajrouter",
					"-lalljoyn",
					"-lalljoyn_controlpanel_objc",
					"-lalljoyn_controlpanel_cpp",
				);
				PRODUCT_NAME = "$(TARGET_NAME)";
				PROVISIONING_PROFILE = "bcb5f037-e37b-4b4f-b504-3d1c56faaf65";
				VALID_ARCHS = "armv7 i386";
			};
			name = Release;
		};
		16B7A9D41B668AD20067C951 /* Debug */ = {
			isa = XCBuildConfiguration;
			buildSettings = {
				BUNDLE_LOADER = "$(TEST_HOST)";
				FRAMEWORK_SEARCH_PATHS = (
					"$(SDKROOT)/Developer/Library/Frameworks",
					"$(inherited)",
				);
				GCC_PREPROCESSOR_DEFINITIONS = (
					"DEBUG=1",
					"$(inherited)",
				);
				INFOPLIST_FILE = KiiAJDemoTests/Info.plist;
				LD_RUNPATH_SEARCH_PATHS = "$(inherited) @executable_path/Frameworks @loader_path/Frameworks";
				PRODUCT_NAME = "$(TARGET_NAME)";
				TEST_HOST = "$(BUILT_PRODUCTS_DIR)/KiiAJDemo.app/KiiAJDemo";
			};
			name = Debug;
		};
		16B7A9D51B668AD20067C951 /* Release */ = {
			isa = XCBuildConfiguration;
			buildSettings = {
				BUNDLE_LOADER = "$(TEST_HOST)";
				FRAMEWORK_SEARCH_PATHS = (
					"$(SDKROOT)/Developer/Library/Frameworks",
					"$(inherited)",
				);
				INFOPLIST_FILE = KiiAJDemoTests/Info.plist;
				LD_RUNPATH_SEARCH_PATHS = "$(inherited) @executable_path/Frameworks @loader_path/Frameworks";
				PRODUCT_NAME = "$(TARGET_NAME)";
				TEST_HOST = "$(BUILT_PRODUCTS_DIR)/KiiAJDemo.app/KiiAJDemo";
			};
			name = Release;
		};
/* End XCBuildConfiguration section */

/* Begin XCConfigurationList section */
		16B7A9A51B668AD20067C951 /* Build configuration list for PBXProject "KiiAJDemo" */ = {
			isa = XCConfigurationList;
			buildConfigurations = (
				16B7A9CE1B668AD20067C951 /* Debug */,
				16B7A9CF1B668AD20067C951 /* Release */,
			);
			defaultConfigurationIsVisible = 0;
			defaultConfigurationName = Release;
		};
		16B7A9D01B668AD20067C951 /* Build configuration list for PBXNativeTarget "KiiAJDemo" */ = {
			isa = XCConfigurationList;
			buildConfigurations = (
				16B7A9D11B668AD20067C951 /* Debug */,
				16B7A9D21B668AD20067C951 /* Release */,
			);
			defaultConfigurationIsVisible = 0;
			defaultConfigurationName = Release;
		};
		16B7A9D31B668AD20067C951 /* Build configuration list for PBXNativeTarget "KiiAJDemoTests" */ = {
			isa = XCConfigurationList;
			buildConfigurations = (
				16B7A9D41B668AD20067C951 /* Debug */,
				16B7A9D51B668AD20067C951 /* Release */,
			);
			defaultConfigurationIsVisible = 0;
			defaultConfigurationName = Release;
		};
/* End XCConfigurationList section */
	};
	rootObject = 16B7A9A21B668AD20067C951 /* Project object */;
}
